
Microsoft Visual Studio Solution File, Format Version 12.00
# Visual Studio 2015
Project("{FAE04EC0-301F-11D3-BF4B-00C04F79EFBC}") = "PsychVR.CSharp", "PsychVR.CSharp.csproj", "{E0BE11D4-3830-B03F-C420-0CC189E191A2}"
EndProject
Project("{FAE04EC0-301F-11D3-BF4B-00C04F79EFBC}") = "PsychVR.CSharp.Editor", "PsychVR.CSharp.Editor.csproj", "{FADB9270-F662-AB81-03A6-C235582EE315}"
EndProject
Global
	GlobalSection(SolutionConfigurationPlatforms) = preSolution
		Debug|Any CPU = Debug|Any CPU
		Release|Any CPU = Release|Any CPU
	EndGlobalSection
	GlobalSection(ProjectConfigurationPlatforms) = postSolution
		{E0BE11D4-3830-B03F-C420-0CC189E191A2}.Debug|Any CPU.ActiveCfg = Debug|Any CPU
		{E0BE11D4-3830-B03F-C420-0CC189E191A2}.Debug|Any CPU.Build.0 = Debug|Any CPU
		{E0BE11D4-3830-B03F-C420-0CC189E191A2}.Release|Any CPU.ActiveCfg = Release|Any CPU
		{E0BE11D4-3830-B03F-C420-0CC189E191A2}.Release|Any CPU.Build.0 = Release|Any CPU
		{FADB9270-F662-AB81-03A6-C235582EE315}.Debug|Any CPU.ActiveCfg = Debug|Any CPU
		{FADB9270-F662-AB81-03A6-C235582EE315}.Debug|Any CPU.Build.0 = Debug|Any CPU
		{FADB9270-F662-AB81-03A6-C235582EE315}.Release|Any CPU.ActiveCfg = Release|Any CPU
		{FADB9270-F662-AB81-03A6-C235582EE315}.Release|Any CPU.Build.0 = Release|Any CPU
	EndGlobalSection
	GlobalSection(SolutionProperties) = preSolution
		HideSolutionNode = FALSE
	EndGlobalSection
EndGlobal
