
Microsoft Visual Studio Solution File, Format Version 12.00
# Visual Studio 2015
Project("{FAE04EC0-301F-11D3-BF4B-00C04F79EFBC}") = "PsychVR.Plugins", "PsychVR.Plugins.csproj", "{0FB94CBB-2F36-8110-D8BE-1FE8E13A9DE7}"
EndProject
Project("{FAE04EC0-301F-11D3-BF4B-00C04F79EFBC}") = "PsychVR", "PsychVR.csproj", "{5EDF99C1-F5D2-5157-3A16-F7DACA1A26A0}"
EndProject
Project("{FAE04EC0-301F-11D3-BF4B-00C04F79EFBC}") = "PsychVR.Editor.Plugins", "PsychVR.Editor.Plugins.csproj", "{D0AD8A3C-054B-8E82-B8B9-0AE542438854}"
EndProject
Project("{FAE04EC0-301F-11D3-BF4B-00C04F79EFBC}") = "PsychVR.Editor", "PsychVR.Editor.csproj", "{BC22F5C8-503B-C5B9-408C-FFC53CA1462C}"
EndProject
Global
	GlobalSection(SolutionConfigurationPlatforms) = preSolution
		Debug|Any CPU = Debug|Any CPU
		Release|Any CPU = Release|Any CPU
	EndGlobalSection
	GlobalSection(ProjectConfigurationPlatforms) = postSolution
		{0FB94CBB-2F36-8110-D8BE-1FE8E13A9DE7}.Debug|Any CPU.ActiveCfg = Debug|Any CPU
		{0FB94CBB-2F36-8110-D8BE-1FE8E13A9DE7}.Debug|Any CPU.Build.0 = Debug|Any CPU
		{0FB94CBB-2F36-8110-D8BE-1FE8E13A9DE7}.Release|Any CPU.ActiveCfg = Release|Any CPU
		{0FB94CBB-2F36-8110-D8BE-1FE8E13A9DE7}.Release|Any CPU.Build.0 = Release|Any CPU
		{5EDF99C1-F5D2-5157-3A16-F7DACA1A26A0}.Debug|Any CPU.ActiveCfg = Debug|Any CPU
		{5EDF99C1-F5D2-5157-3A16-F7DACA1A26A0}.Debug|Any CPU.Build.0 = Debug|Any CPU
		{5EDF99C1-F5D2-5157-3A16-F7DACA1A26A0}.Release|Any CPU.ActiveCfg = Release|Any CPU
		{5EDF99C1-F5D2-5157-3A16-F7DACA1A26A0}.Release|Any CPU.Build.0 = Release|Any CPU
		{D0AD8A3C-054B-8E82-B8B9-0AE542438854}.Debug|Any CPU.ActiveCfg = Debug|Any CPU
		{D0AD8A3C-054B-8E82-B8B9-0AE542438854}.Debug|Any CPU.Build.0 = Debug|Any CPU
		{D0AD8A3C-054B-8E82-B8B9-0AE542438854}.Release|Any CPU.ActiveCfg = Release|Any CPU
		{D0AD8A3C-054B-8E82-B8B9-0AE542438854}.Release|Any CPU.Build.0 = Release|Any CPU
		{BC22F5C8-503B-C5B9-408C-FFC53CA1462C}.Debug|Any CPU.ActiveCfg = Debug|Any CPU
		{BC22F5C8-503B-C5B9-408C-FFC53CA1462C}.Debug|Any CPU.Build.0 = Debug|Any CPU
		{BC22F5C8-503B-C5B9-408C-FFC53CA1462C}.Release|Any CPU.ActiveCfg = Release|Any CPU
		{BC22F5C8-503B-C5B9-408C-FFC53CA1462C}.Release|Any CPU.Build.0 = Release|Any CPU
	EndGlobalSection
	GlobalSection(SolutionProperties) = preSolution
		HideSolutionNode = FALSE
	EndGlobalSection
EndGlobal
